
Microsoft Visual Studio Solution File, Format Version 12.00
# Visual Studio Version 17
VisualStudioVersion = 17.0.31903.59
MinimumVisualStudioVersion = 10.0.40219.1
Project("{FAE04EC0-301F-11D3-BF4B-00C04F79EFBC}") = "EntityFramWorkWebApplication2", "EntityFramWorkWebApplication2\EntityFramWorkWebApplication2.csproj", "{4E88E21D-CD34-4A68-BDF1-A1BC67C642ED}"
EndProject
Global
	GlobalSection(SolutionConfigurationPlatforms) = preSolution
		Debug|Any CPU = Debug|Any CPU
		Release|Any CPU = Release|Any CPU
	EndGlobalSection
	GlobalSection(ProjectConfigurationPlatforms) = postSolution
		{4E88E21D-CD34-4A68-BDF1-A1BC67C642ED}.Debug|Any CPU.ActiveCfg = Debug|Any CPU
		{4E88E21D-CD34-4A68-BDF1-A1BC67C642ED}.Debug|Any CPU.Build.0 = Debug|Any CPU
		{4E88E21D-CD34-4A68-BDF1-A1BC67C642ED}.Release|Any CPU.ActiveCfg = Release|Any CPU
		{4E88E21D-CD34-4A68-BDF1-A1BC67C642ED}.Release|Any CPU.Build.0 = Release|Any CPU
	EndGlobalSection
	GlobalSection(SolutionProperties) = preSolution
		HideSolutionNode = FALSE
	EndGlobalSection
	GlobalSection(ExtensibilityGlobals) = postSolution
		SolutionGuid = {7D1B9B3B-AA07-4218-830C-C22DCDC300F8}
	EndGlobalSection
EndGlobal
